<?xml version="1.0" encoding="utf-8"?>
<Project ToolsVersion="4.0" xmlns="http://schemas.microsoft.com/developer/msbuild/2003">
  <ItemGroup>
    <Filter Include="Source Files">
      <UniqueIdentifier>{4FC737F1-C7A5-4376-A066-2A32D752A2FF}</UniqueIdentifier>
      <Extensions>cpp;c;cc;cxx;def;odl;idl;hpj;bat;asm;asmx</Extensions>
    </Filter>
    <Filter Include="Header Files">
      <UniqueIdentifier>{93995380-89BD-4b04-88EB-625FBE52EBFB}</UniqueIdentifier>
      <Extensions>h;hh;hpp;hxx;hm;inl;inc;xsd</Extensions>
    </Filter>
    <Filter Include="Resource Files">
      <UniqueIdentifier>{67DA6AB6-F800-4c08-8B7A-83BB121AAD01}</UniqueIdentifier>
      <Extensions>rc;ico;cur;bmp;dlg;rc2;rct;bin;rgs;gif;jpg;jpeg;jpe;resx;tiff;tif;png;wav;mfcribbon-ms</Extensions>
    </Filter>
  </ItemGroup>
  <ItemGroup>
    <ClCompile Include="glad.c">
      <Filter>Source Files</Filter>
    </ClCompile>
    <ClCompile Include="TerrainGen.cpp">
      <Filter>Source Files</Filter>
    </ClCompile>
    <ClCompile Include="Application.cpp">
      <Filter>Source Files</Filter>
    </ClCompile>
    <ClCompile Include="chunk\WaterMesh.cpp">
      <Filter>Source Files</Filter>
    </ClCompile>
    <ClCompile Include="chunk\TerrainMesh.cpp">
      <Filter>Source Files</Filter>
    </ClCompile>
    <ClCompile Include="chunk\TerrainBuilder.cpp">
      <Filter>Source Files</Filter>
    </ClCompile>
    <ClCompile Include="chunk\NormalCalculate.cpp">
      <Filter>Source Files</Filter>
    </ClCompile>
    <ClCompile Include="chunk\Chunk.cpp">
      <Filter>Source Files</Filter>
    </ClCompile>
    <ClCompile Include="Skybox.cpp">
      <Filter>Source Files</Filter>
    </ClCompile>
    <ClCompile Include="ChunkManager.cpp">
      <Filter>Source Files</Filter>
    </ClCompile>
    <ClCompile Include="GUIStats.cpp">
      <Filter>Source Files</Filter>
    </ClCompile>
    <ClCompile Include="fft-ocean\Ocean.cpp">
      <Filter>Source Files</Filter>
    </ClCompile>
    <ClCompile Include="fft-ocean\fft.cpp">
      <Filter>Source Files</Filter>
    </ClCompile>
    <ClCompile Include="fft-ocean\complex.cpp">
      <Filter>Source Files</Filter>
    </ClCompile>
    <ClCompile Include="render-util\Textures.cpp">
      <Filter>Source Files</Filter>
    </ClCompile>
    <ClCompile Include="render-util\FBO.cpp">
      <Filter>Source Files</Filter>
    </ClCompile>
    <ClCompile Include="render-util\Camera.cpp">
      <Filter>Source Files</Filter>
    </ClCompile>
    <ClCompile Include="render-util\Shader.cpp">
      <Filter>Source Files</Filter>
    </ClCompile>
    <ClCompile Include="math-util\FPS.cpp">
      <Filter>Source Files</Filter>
    </ClCompile>
    <ClCompile Include="math-util\Frustum.cpp">
      <Filter>Source Files</Filter>
    </ClCompile>
    <ClCompile Include="math-util\MathUtils.cpp">
      <Filter>Source Files</Filter>
    </ClCompile>
    <ClCompile Include="math-util\StatUtils.cpp">
      <Filter>Source Files</Filter>
    </ClCompile>
  </ItemGroup>
  <ItemGroup>
    <ClInclude Include="terrain\Renderer.h">
      <Filter>Header Files</Filter>
    </ClInclude>
    <ClInclude Include="terrain\TerrainParams.h">
      <Filter>Header Files</Filter>
    </ClInclude>
    <ClInclude Include="terrain\GeneratorParams.h">
      <Filter>Header Files</Filter>
    </ClInclude>
    <ClInclude Include="terrain\TerrainMesh.h">
      <Filter>Header Files</Filter>
    </ClInclude>
    <ClInclude Include="ChunkRenderer.h">
      <Filter>Header Files</Filter>
    </ClInclude>
    <ClInclude Include="World.h">
      <Filter>Header Files</Filter>
    </ClInclude>
    <ClInclude Include="Application.h">
      <Filter>Header Files</Filter>
    </ClInclude>
    <ClInclude Include="chunk\Chunk.h">
      <Filter>Header Files</Filter>
    </ClInclude>
    <ClInclude Include="chunk\TerrainMesh.h">
      <Filter>Header Files</Filter>
    </ClInclude>
    <ClInclude Include="chunk\RenderInfo.h">
      <Filter>Header Files</Filter>
    </ClInclude>
    <ClInclude Include="chunk\WaterMesh.h">
      <Filter>Header Files</Filter>
    </ClInclude>
    <ClInclude Include="chunk\TerrainBuilder.h">
      <Filter>Header Files</Filter>
    </ClInclude>
    <ClInclude Include="chunk\NormalCalculate.h">
      <Filter>Header Files</Filter>
    </ClInclude>
    <ClInclude Include="Skybox.h">
      <Filter>Header Files</Filter>
    </ClInclude>
    <ClInclude Include="ChunkManager.h">
      <Filter>Header Files</Filter>
    </ClInclude>
    <ClInclude Include="GUIStats.h">
      <Filter>Header Files</Filter>
    </ClInclude>
    <ClInclude Include="fft-ocean\Ocean.h">
      <Filter>Header Files</Filter>
    </ClInclude>
    <ClInclude Include="fft-ocean\fft.h">
      <Filter>Header Files</Filter>
    </ClInclude>
    <ClInclude Include="fft-ocean\complex.h">
      <Filter>Header Files</Filter>
    </ClInclude>
    <ClInclude Include="render-util\Textures.h">
      <Filter>Header Files</Filter>
    </ClInclude>
    <ClInclude Include="render-util\stb_image.h">
      <Filter>Header Files</Filter>
    </ClInclude>
    <ClInclude Include="render-util\FBO.h">
      <Filter>Header Files</Filter>
    </ClInclude>
    <ClInclude Include="render-util\Camera.h">
      <Filter>Header Files</Filter>
    </ClInclude>
    <ClInclude Include="render-util\Shader.h">
      <Filter>Header Files</Filter>
    </ClInclude>
    <ClInclude Include="math-util\FPS.h">
      <Filter>Header Files</Filter>
    </ClInclude>
    <ClInclude Include="math-util\Frustum.h">
      <Filter>Header Files</Filter>
    </ClInclude>
    <ClInclude Include="math-util\MathUtils.h">
      <Filter>Header Files</Filter>
    </ClInclude>
    <ClInclude Include="math-util\StatUtils.h">
      <Filter>Header Files</Filter>
    </ClInclude>
  </ItemGroup>
</Project>